
Microsoft Visual Studio Solution File, Format Version 12.00
# Visual Studio Version 17
VisualStudioVersion = 17.2.32630.192
MinimumVisualStudioVersion = 10.0.40219.1
Project("{FAE04EC0-301F-11D3-BF4B-00C04F79EFBC}") = "LaunchPadAPI", "LaunchPadAPI\LaunchPadAPI.csproj", "{FBDA2E7A-CDD3-44CE-B1C0-B49A2E6E4974}"
EndProject
Global
	GlobalSection(SolutionConfigurationPlatforms) = preSolution
		Debug|Any CPU = Debug|Any CPU
		Release|Any CPU = Release|Any CPU
	EndGlobalSection
	GlobalSection(ProjectConfigurationPlatforms) = postSolution
		{FBDA2E7A-CDD3-44CE-B1C0-B49A2E6E4974}.Debug|Any CPU.ActiveCfg = Debug|Any CPU
		{FBDA2E7A-CDD3-44CE-B1C0-B49A2E6E4974}.Debug|Any CPU.Build.0 = Debug|Any CPU
		{FBDA2E7A-CDD3-44CE-B1C0-B49A2E6E4974}.Release|Any CPU.ActiveCfg = Release|Any CPU
		{FBDA2E7A-CDD3-44CE-B1C0-B49A2E6E4974}.Release|Any CPU.Build.0 = Release|Any CPU
	EndGlobalSection
	GlobalSection(SolutionProperties) = preSolution
		HideSolutionNode = FALSE
	EndGlobalSection
	GlobalSection(ExtensibilityGlobals) = postSolution
		SolutionGuid = {D80741F2-957D-49BC-ACC1-620D35E7869C}
	EndGlobalSection
EndGlobal
